// !$*UTF8*$!
{
	archiveVersion = 1;
	classes = {
	};
	objectVersion = 46;
	objects = {

/* Begin PBXBuildFile section */
		811D22261E4CDAD400DEC16A /* Array+Util.swift in Sources */ = {isa = PBXBuildFile; fileRef = 811D22111E4CDAD400DEC16A /* Array+Util.swift */; };
		811D22271E4CDAD400DEC16A /* CGPoint+ArithmeticOperators.swift in Sources */ = {isa = PBXBuildFile; fileRef = 811D22121E4CDAD400DEC16A /* CGPoint+ArithmeticOperators.swift */; };
		811D22281E4CDAD400DEC16A /* DataStack.swift in Sources */ = {isa = PBXBuildFile; fileRef = 811D22131E4CDAD400DEC16A /* DataStack.swift */; };
		811D22291E4CDAD400DEC16A /* DeselectRowTableViewController.swift in Sources */ = {isa = PBXBuildFile; fileRef = 811D22141E4CDAD400DEC16A /* DeselectRowTableViewController.swift */; };
		811D222A1E4CDAD400DEC16A /* dispatch_after+Util.swift in Sources */ = {isa = PBXBuildFile; fileRef = 811D22151E4CDAD400DEC16A /* dispatch_after+Util.swift */; };
		811D222B1E4CDAD400DEC16A /* ExpandableNode.swift in Sources */ = {isa = PBXBuildFile; fileRef = 811D22161E4CDAD400DEC16A /* ExpandableNode.swift */; };
		811D222C1E4CDAD400DEC16A /* FormController.swift in Sources */ = {isa = PBXBuildFile; fileRef = 811D22171E4CDAD400DEC16A /* FormController.swift */; };
		811D222D1E4CDAD400DEC16A /* HorizontalHeaderCollectionFlowLayout.swift in Sources */ = {isa = PBXBuildFile; fileRef = 811D22181E4CDAD400DEC16A /* HorizontalHeaderCollectionFlowLayout.swift */; };
		811D222E1E4CDAD400DEC16A /* LocationManager.swift in Sources */ = {isa = PBXBuildFile; fileRef = 811D22191E4CDAD400DEC16A /* LocationManager.swift */; };
		811D222F1E4CDAD400DEC16A /* Log.swift in Sources */ = {isa = PBXBuildFile; fileRef = 811D221A1E4CDAD400DEC16A /* Log.swift */; };
		811D22301E4CDAD400DEC16A /* ManagedObjectRepository.swift in Sources */ = {isa = PBXBuildFile; fileRef = 811D221B1E4CDAD400DEC16A /* ManagedObjectRepository.swift */; };
		811D22311E4CDAD400DEC16A /* NSDecimalNumber+ArithmeticOperators.swift in Sources */ = {isa = PBXBuildFile; fileRef = 811D221C1E4CDAD400DEC16A /* NSDecimalNumber+ArithmeticOperators.swift */; };
		811D22321E4CDAD400DEC16A /* String+Email.swift in Sources */ = {isa = PBXBuildFile; fileRef = 811D221D1E4CDAD400DEC16A /* String+Email.swift */; };
		811D22331E4CDAD400DEC16A /* String+Localization.swift in Sources */ = {isa = PBXBuildFile; fileRef = 811D221E1E4CDAD400DEC16A /* String+Localization.swift */; };
		811D22341E4CDAD400DEC16A /* String+Range.swift in Sources */ = {isa = PBXBuildFile; fileRef = 811D221F1E4CDAD400DEC16A /* String+Range.swift */; };
		811D22351E4CDAD400DEC16A /* TimeMeasure.swift in Sources */ = {isa = PBXBuildFile; fileRef = 811D22201E4CDAD400DEC16A /* TimeMeasure.swift */; };
		811D22361E4CDAD400DEC16A /* UITableViewCell+HideSeparator.swift in Sources */ = {isa = PBXBuildFile; fileRef = 811D22211E4CDAD400DEC16A /* UITableViewCell+HideSeparator.swift */; };
		811D22371E4CDAD400DEC16A /* UITableViewController+SectionHeight.swift in Sources */ = {isa = PBXBuildFile; fileRef = 811D22221E4CDAD400DEC16A /* UITableViewController+SectionHeight.swift */; };
		811D22391E4CDAD400DEC16A /* UIViewController+Alert.swift in Sources */ = {isa = PBXBuildFile; fileRef = 811D22241E4CDAD400DEC16A /* UIViewController+Alert.swift */; };
		811D223A1E4CDAD400DEC16A /* UIViewController+BarHeight.swift in Sources */ = {isa = PBXBuildFile; fileRef = 811D22251E4CDAD400DEC16A /* UIViewController+BarHeight.swift */; };
		815AFF241F44B4D20096BA31 /* UIView+Util.swift in Sources */ = {isa = PBXBuildFile; fileRef = 815AFF231F44B4D20096BA31 /* UIView+Util.swift */; };
		817DAFEC1EC503890031918C /* Notification+Util.swift in Sources */ = {isa = PBXBuildFile; fileRef = 817DAFEB1EC503890031918C /* Notification+Util.swift */; };
		817E74751E4A46D3008A088D /* SwiftUtils.h in Headers */ = {isa = PBXBuildFile; fileRef = 817E74731E4A46D3008A088D /* SwiftUtils.h */; settings = {ATTRIBUTES = (Public, ); }; };
/* End PBXBuildFile section */

/* Begin PBXFileReference section */
		811D22111E4CDAD400DEC16A /* Array+Util.swift */ = {isa = PBXFileReference; fileEncoding = 4; lastKnownFileType = sourcecode.swift; name = "Array+Util.swift"; path = "Sources/Array+Util.swift"; sourceTree = SOURCE_ROOT; };
		811D22121E4CDAD400DEC16A /* CGPoint+ArithmeticOperators.swift */ = {isa = PBXFileReference; fileEncoding = 4; lastKnownFileType = sourcecode.swift; name = "CGPoint+ArithmeticOperators.swift"; path = "Sources/CGPoint+ArithmeticOperators.swift"; sourceTree = SOURCE_ROOT; };
		811D22131E4CDAD400DEC16A /* DataStack.swift */ = {isa = PBXFileReference; fileEncoding = 4; lastKnownFileType = sourcecode.swift; name = DataStack.swift; path = Sources/DataStack.swift; sourceTree = SOURCE_ROOT; };
		811D22141E4CDAD400DEC16A /* DeselectRowTableViewController.swift */ = {isa = PBXFileReference; fileEncoding = 4; lastKnownFileType = sourcecode.swift; name = DeselectRowTableViewController.swift; path = Sources/DeselectRowTableViewController.swift; sourceTree = SOURCE_ROOT; };
		811D22151E4CDAD400DEC16A /* dispatch_after+Util.swift */ = {isa = PBXFileReference; fileEncoding = 4; lastKnownFileType = sourcecode.swift; name = "dispatch_after+Util.swift"; path = "Sources/dispatch_after+Util.swift"; sourceTree = SOURCE_ROOT; };
		811D22161E4CDAD400DEC16A /* ExpandableNode.swift */ = {isa = PBXFileReference; fileEncoding = 4; lastKnownFileType = sourcecode.swift; name = ExpandableNode.swift; path = Sources/ExpandableNode.swift; sourceTree = SOURCE_ROOT; };
		811D22171E4CDAD400DEC16A /* FormController.swift */ = {isa = PBXFileReference; fileEncoding = 4; lastKnownFileType = sourcecode.swift; name = FormController.swift; path = Sources/FormController.swift; sourceTree = SOURCE_ROOT; };
		811D22181E4CDAD400DEC16A /* HorizontalHeaderCollectionFlowLayout.swift */ = {isa = PBXFileReference; fileEncoding = 4; lastKnownFileType = sourcecode.swift; name = HorizontalHeaderCollectionFlowLayout.swift; path = Sources/HorizontalHeaderCollectionFlowLayout.swift; sourceTree = SOURCE_ROOT; };
		811D22191E4CDAD400DEC16A /* LocationManager.swift */ = {isa = PBXFileReference; fileEncoding = 4; lastKnownFileType = sourcecode.swift; name = LocationManager.swift; path = Sources/LocationManager.swift; sourceTree = SOURCE_ROOT; };
		811D221A1E4CDAD400DEC16A /* Log.swift */ = {isa = PBXFileReference; fileEncoding = 4; lastKnownFileType = sourcecode.swift; name = Log.swift; path = Sources/Log.swift; sourceTree = SOURCE_ROOT; };
		811D221B1E4CDAD400DEC16A /* ManagedObjectRepository.swift */ = {isa = PBXFileReference; fileEncoding = 4; lastKnownFileType = sourcecode.swift; name = ManagedObjectRepository.swift; path = Sources/ManagedObjectRepository.swift; sourceTree = SOURCE_ROOT; };
		811D221C1E4CDAD400DEC16A /* NSDecimalNumber+ArithmeticOperators.swift */ = {isa = PBXFileReference; fileEncoding = 4; lastKnownFileType = sourcecode.swift; name = "NSDecimalNumber+ArithmeticOperators.swift"; path = "Sources/NSDecimalNumber+ArithmeticOperators.swift"; sourceTree = SOURCE_ROOT; };
		811D221D1E4CDAD400DEC16A /* String+Email.swift */ = {isa = PBXFileReference; fileEncoding = 4; lastKnownFileType = sourcecode.swift; name = "String+Email.swift"; path = "Sources/String+Email.swift"; sourceTree = SOURCE_ROOT; };
		811D221E1E4CDAD400DEC16A /* String+Localization.swift */ = {isa = PBXFileReference; fileEncoding = 4; lastKnownFileType = sourcecode.swift; name = "String+Localization.swift"; path = "Sources/String+Localization.swift"; sourceTree = SOURCE_ROOT; };
		811D221F1E4CDAD400DEC16A /* String+Range.swift */ = {isa = PBXFileReference; fileEncoding = 4; lastKnownFileType = sourcecode.swift; name = "String+Range.swift"; path = "Sources/String+Range.swift"; sourceTree = SOURCE_ROOT; };
		811D22201E4CDAD400DEC16A /* TimeMeasure.swift */ = {isa = PBXFileReference; fileEncoding = 4; lastKnownFileType = sourcecode.swift; name = TimeMeasure.swift; path = Sources/TimeMeasure.swift; sourceTree = SOURCE_ROOT; };
		811D22211E4CDAD400DEC16A /* UITableViewCell+HideSeparator.swift */ = {isa = PBXFileReference; fileEncoding = 4; lastKnownFileType = sourcecode.swift; name = "UITableViewCell+HideSeparator.swift"; path = "Sources/UITableViewCell+HideSeparator.swift"; sourceTree = SOURCE_ROOT; };
		811D22221E4CDAD400DEC16A /* UITableViewController+SectionHeight.swift */ = {isa = PBXFileReference; fileEncoding = 4; lastKnownFileType = sourcecode.swift; name = "UITableViewController+SectionHeight.swift"; path = "Sources/UITableViewController+SectionHeight.swift"; sourceTree = SOURCE_ROOT; };
		811D22241E4CDAD400DEC16A /* UIViewController+Alert.swift */ = {isa = PBXFileReference; fileEncoding = 4; lastKnownFileType = sourcecode.swift; name = "UIViewController+Alert.swift"; path = "Sources/UIViewController+Alert.swift"; sourceTree = SOURCE_ROOT; };
		811D22251E4CDAD400DEC16A /* UIViewController+BarHeight.swift */ = {isa = PBXFileReference; fileEncoding = 4; lastKnownFileType = sourcecode.swift; name = "UIViewController+BarHeight.swift"; path = "Sources/UIViewController+BarHeight.swift"; sourceTree = SOURCE_ROOT; };
		815AFF231F44B4D20096BA31 /* UIView+Util.swift */ = {isa = PBXFileReference; lastKnownFileType = sourcecode.swift; name = "UIView+Util.swift"; path = "../Sources/UIView+Util.swift"; sourceTree = "<group>"; };
		817DAFEB1EC503890031918C /* Notification+Util.swift */ = {isa = PBXFileReference; fileEncoding = 4; lastKnownFileType = sourcecode.swift; name = "Notification+Util.swift"; path = "Sources/Notification+Util.swift"; sourceTree = SOURCE_ROOT; };
		817E74701E4A46D3008A088D /* SwiftUtils.framework */ = {isa = PBXFileReference; explicitFileType = wrapper.framework; includeInIndex = 0; path = SwiftUtils.framework; sourceTree = BUILT_PRODUCTS_DIR; };
		817E74731E4A46D3008A088D /* SwiftUtils.h */ = {isa = PBXFileReference; lastKnownFileType = sourcecode.c.h; path = SwiftUtils.h; sourceTree = "<group>"; };
		817E74741E4A46D3008A088D /* Info.plist */ = {isa = PBXFileReference; lastKnownFileType = text.plist.xml; path = Info.plist; sourceTree = "<group>"; };
/* End PBXFileReference section */

/* Begin PBXFrameworksBuildPhase section */
		817E746C1E4A46D3008A088D /* Frameworks */ = {
			isa = PBXFrameworksBuildPhase;
			buildActionMask = 2147483647;
			files = (
			);
			runOnlyForDeploymentPostprocessing = 0;
		};
/* End PBXFrameworksBuildPhase section */

/* Begin PBXGroup section */
		817E74661E4A46D3008A088D = {
			isa = PBXGroup;
			children = (
				817E74721E4A46D3008A088D /* SwiftUtils */,
				817E74711E4A46D3008A088D /* Products */,
			);
			sourceTree = "<group>";
		};
		817E74711E4A46D3008A088D /* Products */ = {
			isa = PBXGroup;
			children = (
				817E74701E4A46D3008A088D /* SwiftUtils.framework */,
			);
			name = Products;
			sourceTree = "<group>";
		};
		817E74721E4A46D3008A088D /* SwiftUtils */ = {
			isa = PBXGroup;
			children = (
				817E74731E4A46D3008A088D /* SwiftUtils.h */,
				817E74741E4A46D3008A088D /* Info.plist */,
				811D22111E4CDAD400DEC16A /* Array+Util.swift */,
				811D22121E4CDAD400DEC16A /* CGPoint+ArithmeticOperators.swift */,
				811D22131E4CDAD400DEC16A /* DataStack.swift */,
				811D22141E4CDAD400DEC16A /* DeselectRowTableViewController.swift */,
				811D22151E4CDAD400DEC16A /* dispatch_after+Util.swift */,
				811D22161E4CDAD400DEC16A /* ExpandableNode.swift */,
				811D22171E4CDAD400DEC16A /* FormController.swift */,
				811D22181E4CDAD400DEC16A /* HorizontalHeaderCollectionFlowLayout.swift */,
				811D22191E4CDAD400DEC16A /* LocationManager.swift */,
				811D221A1E4CDAD400DEC16A /* Log.swift */,
				811D221B1E4CDAD400DEC16A /* ManagedObjectRepository.swift */,
				811D221C1E4CDAD400DEC16A /* NSDecimalNumber+ArithmeticOperators.swift */,
				811D221D1E4CDAD400DEC16A /* String+Email.swift */,
				811D221E1E4CDAD400DEC16A /* String+Localization.swift */,
				811D221F1E4CDAD400DEC16A /* String+Range.swift */,
				811D22201E4CDAD400DEC16A /* TimeMeasure.swift */,
				811D22211E4CDAD400DEC16A /* UITableViewCell+HideSeparator.swift */,
				811D22221E4CDAD400DEC16A /* UITableViewController+SectionHeight.swift */,
				811D22241E4CDAD400DEC16A /* UIViewController+Alert.swift */,
				811D22251E4CDAD400DEC16A /* UIViewController+BarHeight.swift */,
				817DAFEB1EC503890031918C /* Notification+Util.swift */,
				815AFF231F44B4D20096BA31 /* UIView+Util.swift */,
			);
			path = SwiftUtils;
			sourceTree = "<group>";
		};
/* End PBXGroup section */

/* Begin PBXHeadersBuildPhase section */
		817E746D1E4A46D3008A088D /* Headers */ = {
			isa = PBXHeadersBuildPhase;
			buildActionMask = 2147483647;
			files = (
				817E74751E4A46D3008A088D /* SwiftUtils.h in Headers */,
			);
			runOnlyForDeploymentPostprocessing = 0;
		};
/* End PBXHeadersBuildPhase section */

/* Begin PBXNativeTarget section */
		817E746F1E4A46D3008A088D /* SwiftUtils */ = {
			isa = PBXNativeTarget;
			buildConfigurationList = 817E74781E4A46D3008A088D /* Build configuration list for PBXNativeTarget "SwiftUtils" */;
			buildPhases = (
				817E746B1E4A46D3008A088D /* Sources */,
				817E746C1E4A46D3008A088D /* Frameworks */,
				817E746D1E4A46D3008A088D /* Headers */,
				817E746E1E4A46D3008A088D /* Resources */,
			);
			buildRules = (
			);
			dependencies = (
			);
			name = SwiftUtils;
			productName = SwiftUtils;
			productReference = 817E74701E4A46D3008A088D /* SwiftUtils.framework */;
			productType = "com.apple.product-type.framework";
		};
/* End PBXNativeTarget section */

/* Begin PBXProject section */
		817E74671E4A46D3008A088D /* Project object */ = {
			isa = PBXProject;
			attributes = {
				LastUpgradeCheck = 0900;
				ORGANIZATIONNAME = Juanjo;
				TargetAttributes = {
					817E746F1E4A46D3008A088D = {
						CreatedOnToolsVersion = 8.2.1;
						DevelopmentTeam = EH5NJV9XC8;
						LastSwiftMigration = 0900;
						ProvisioningStyle = Automatic;
					};
				};
			};
			buildConfigurationList = 817E746A1E4A46D3008A088D /* Build configuration list for PBXProject "SwiftUtils" */;
			compatibilityVersion = "Xcode 3.2";
			developmentRegion = English;
			hasScannedForEncodings = 0;
			knownRegions = (
				en,
			);
			mainGroup = 817E74661E4A46D3008A088D;
			productRefGroup = 817E74711E4A46D3008A088D /* Products */;
			projectDirPath = "";
			projectRoot = "";
			targets = (
				817E746F1E4A46D3008A088D /* SwiftUtils */,
			);
		};
/* End PBXProject section */

/* Begin PBXResourcesBuildPhase section */
		817E746E1E4A46D3008A088D /* Resources */ = {
			isa = PBXResourcesBuildPhase;
			buildActionMask = 2147483647;
			files = (
			);
			runOnlyForDeploymentPostprocessing = 0;
		};
/* End PBXResourcesBuildPhase section */

/* Begin PBXSourcesBuildPhase section */
		817E746B1E4A46D3008A088D /* Sources */ = {
			isa = PBXSourcesBuildPhase;
			buildActionMask = 2147483647;
			files = (
				811D22271E4CDAD400DEC16A /* CGPoint+ArithmeticOperators.swift in Sources */,
				811D22361E4CDAD400DEC16A /* UITableViewCell+HideSeparator.swift in Sources */,
				811D222C1E4CDAD400DEC16A /* FormController.swift in Sources */,
				811D222F1E4CDAD400DEC16A /* Log.swift in Sources */,
				811D222D1E4CDAD400DEC16A /* HorizontalHeaderCollectionFlowLayout.swift in Sources */,
				811D223A1E4CDAD400DEC16A /* UIViewController+BarHeight.swift in Sources */,
				811D22341E4CDAD400DEC16A /* String+Range.swift in Sources */,
				811D222B1E4CDAD400DEC16A /* ExpandableNode.swift in Sources */,
				811D22331E4CDAD400DEC16A /* String+Localization.swift in Sources */,
				811D22371E4CDAD400DEC16A /* UITableViewController+SectionHeight.swift in Sources */,
				815AFF241F44B4D20096BA31 /* UIView+Util.swift in Sources */,
				811D22321E4CDAD400DEC16A /* String+Email.swift in Sources */,
				811D22311E4CDAD400DEC16A /* NSDecimalNumber+ArithmeticOperators.swift in Sources */,
				817DAFEC1EC503890031918C /* Notification+Util.swift in Sources */,
				811D22261E4CDAD400DEC16A /* Array+Util.swift in Sources */,
				811D22301E4CDAD400DEC16A /* ManagedObjectRepository.swift in Sources */,
				811D22281E4CDAD400DEC16A /* DataStack.swift in Sources */,
				811D22291E4CDAD400DEC16A /* DeselectRowTableViewController.swift in Sources */,
				811D22391E4CDAD400DEC16A /* UIViewController+Alert.swift in Sources */,
				811D22351E4CDAD400DEC16A /* TimeMeasure.swift in Sources */,
				811D222A1E4CDAD400DEC16A /* dispatch_after+Util.swift in Sources */,
				811D222E1E4CDAD400DEC16A /* LocationManager.swift in Sources */,
			);
			runOnlyForDeploymentPostprocessing = 0;
		};
/* End PBXSourcesBuildPhase section */

/* Begin XCBuildConfiguration section */
		817E74761E4A46D3008A088D /* Debug */ = {
			isa = XCBuildConfiguration;
			buildSettings = {
				ALWAYS_SEARCH_USER_PATHS = NO;
				CLANG_ANALYZER_NONNULL = YES;
				CLANG_CXX_LANGUAGE_STANDARD = "gnu++0x";
				CLANG_CXX_LIBRARY = "libc++";
				CLANG_ENABLE_MODULES = YES;
				CLANG_ENABLE_OBJC_ARC = YES;
				CLANG_WARN_BLOCK_CAPTURE_AUTORELEASING = YES;
				CLANG_WARN_BOOL_CONVERSION = YES;
				CLANG_WARN_COMMA = YES;
				CLANG_WARN_CONSTANT_CONVERSION = YES;
				CLANG_WARN_DIRECT_OBJC_ISA_USAGE = YES_ERROR;
				CLANG_WARN_DOCUMENTATION_COMMENTS = YES;
				CLANG_WARN_EMPTY_BODY = YES;
				CLANG_WARN_ENUM_CONVERSION = YES;
				CLANG_WARN_INFINITE_RECURSION = YES;
				CLANG_WARN_INT_CONVERSION = YES;
				CLANG_WARN_NON_LITERAL_NULL_CONVERSION = YES;
				CLANG_WARN_OBJC_LITERAL_CONVERSION = YES;
				CLANG_WARN_OBJC_ROOT_CLASS = YES_ERROR;
				CLANG_WARN_RANGE_LOOP_ANALYSIS = YES;
				CLANG_WARN_STRICT_PROTOTYPES = YES;
				CLANG_WARN_SUSPICIOUS_MOVE = YES;
				CLANG_WARN_UNREACHABLE_CODE = YES;
				CLANG_WARN__DUPLICATE_METHOD_MATCH = YES;
				"CODE_SIGN_IDENTITY[sdk=iphoneos*]" = "iPhone Developer";
				COPY_PHASE_STRIP = NO;
				CURRENT_PROJECT_VERSION = 1;
				DEBUG_INFORMATION_FORMAT = dwarf;
				ENABLE_STRICT_OBJC_MSGSEND = YES;
				ENABLE_TESTABILITY = YES;
				GCC_C_LANGUAGE_STANDARD = gnu99;
				GCC_DYNAMIC_NO_PIC = NO;
				GCC_NO_COMMON_BLOCKS = YES;
				GCC_OPTIMIZATION_LEVEL = 0;
				GCC_PREPROCESSOR_DEFINITIONS = (
					"DEBUG=1",
					"$(inherited)",
				);
				GCC_WARN_64_TO_32_BIT_CONVERSION = YES;
				GCC_WARN_ABOUT_RETURN_TYPE = YES_ERROR;
				GCC_WARN_UNDECLARED_SELECTOR = YES;
				GCC_WARN_UNINITIALIZED_AUTOS = YES_AGGRESSIVE;
				GCC_WARN_UNUSED_FUNCTION = YES;
				GCC_WARN_UNUSED_VARIABLE = YES;
				IPHONEOS_DEPLOYMENT_TARGET = 10.2;
				MTL_ENABLE_DEBUG_INFO = YES;
				ONLY_ACTIVE_ARCH = YES;
				SDKROOT = iphoneos;
				SWIFT_ACTIVE_COMPILATION_CONDITIONS = DEBUG;
				SWIFT_OPTIMIZATION_LEVEL = "-Onone";
				TARGETED_DEVICE_FAMILY = "1,2";
				VERSIONING_SYSTEM = "apple-generic";
				VERSION_INFO_PREFIX = "";
			};
			name = Debug;
		};
		817E74771E4A46D3008A088D /* Release */ = {
			isa = XCBuildConfiguration;
			buildSettings = {
				ALWAYS_SEARCH_USER_PATHS = NO;
				CLANG_ANALYZER_NONNULL = YES;
				CLANG_CXX_LANGUAGE_STANDARD = "gnu++0x";
				CLANG_CXX_LIBRARY = "libc++";
				CLANG_ENABLE_MODULES = YES;
				CLANG_ENABLE_OBJC_ARC = YES;
				CLANG_WARN_BLOCK_CAPTURE_AUTORELEASING = YES;
				CLANG_WARN_BOOL_CONVERSION = YES;
				CLANG_WARN_COMMA = YES;
				CLANG_WARN_CONSTANT_CONVERSION = YES;
				CLANG_WARN_DIRECT_OBJC_ISA_USAGE = YES_ERROR;
				CLANG_WARN_DOCUMENTATION_COMMENTS = YES;
				CLANG_WARN_EMPTY_BODY = YES;
				CLANG_WARN_ENUM_CONVERSION = YES;
				CLANG_WARN_INFINITE_RECURSION = YES;
				CLANG_WARN_INT_CONVERSION = YES;
				CLANG_WARN_NON_LITERAL_NULL_CONVERSION = YES;
				CLANG_WARN_OBJC_LITERAL_CONVERSION = YES;
				CLANG_WARN_OBJC_ROOT_CLASS = YES_ERROR;
				CLANG_WARN_RANGE_LOOP_ANALYSIS = YES;
				CLANG_WARN_STRICT_PROTOTYPES = YES;
				CLANG_WARN_SUSPICIOUS_MOVE = YES;
				CLANG_WARN_UNREACHABLE_CODE = YES;
				CLANG_WARN__DUPLICATE_METHOD_MATCH = YES;
				"CODE_SIGN_IDENTITY[sdk=iphoneos*]" = "iPhone Developer";
				COPY_PHASE_STRIP = NO;
				CURRENT_PROJECT_VERSION = 1;
				DEBUG_INFORMATION_FORMAT = "dwarf-with-dsym";
				ENABLE_NS_ASSERTIONS = NO;
				ENABLE_STRICT_OBJC_MSGSEND = YES;
				GCC_C_LANGUAGE_STANDARD = gnu99;
				GCC_NO_COMMON_BLOCKS = YES;
				GCC_WARN_64_TO_32_BIT_CONVERSION = YES;
				GCC_WARN_ABOUT_RETURN_TYPE = YES_ERROR;
				GCC_WARN_UNDECLARED_SELECTOR = YES;
				GCC_WARN_UNINITIALIZED_AUTOS = YES_AGGRESSIVE;
				GCC_WARN_UNUSED_FUNCTION = YES;
				GCC_WARN_UNUSED_VARIABLE = YES;
				IPHONEOS_DEPLOYMENT_TARGET = 10.2;
				MTL_ENABLE_DEBUG_INFO = NO;
				SDKROOT = iphoneos;
				SWIFT_OPTIMIZATION_LEVEL = "-Owholemodule";
				TARGETED_DEVICE_FAMILY = "1,2";
				VALIDATE_PRODUCT = YES;
				VERSIONING_SYSTEM = "apple-generic";
				VERSION_INFO_PREFIX = "";
			};
			name = Release;
		};
		817E74791E4A46D3008A088D /* Debug */ = {
			isa = XCBuildConfiguration;
			buildSettings = {
				CLANG_ENABLE_MODULES = YES;
				CODE_SIGN_IDENTITY = "";
				DEFINES_MODULE = YES;
				DEVELOPMENT_TEAM = EH5NJV9XC8;
				DYLIB_COMPATIBILITY_VERSION = 1;
				DYLIB_CURRENT_VERSION = 1;
				DYLIB_INSTALL_NAME_BASE = "@rpath";
				INFOPLIST_FILE = SwiftUtils/Info.plist;
				INSTALL_PATH = "$(LOCAL_LIBRARY_DIR)/Frameworks";
				IPHONEOS_DEPLOYMENT_TARGET = 9.0;
				LD_RUNPATH_SEARCH_PATHS = "$(inherited) @executable_path/Frameworks @loader_path/Frameworks";
				PRODUCT_BUNDLE_IDENTIFIER = com.juanjo.SwiftUtils;
				PRODUCT_NAME = "$(TARGET_NAME)";
				SKIP_INSTALL = YES;
				SWIFT_OPTIMIZATION_LEVEL = "-Onone";
				SWIFT_SWIFT3_OBJC_INFERENCE = On;
				SWIFT_VERSION = 4.0;
			};
			name = Debug;
		};
		817E747A1E4A46D3008A088D /* Release */ = {
			isa = XCBuildConfiguration;
			buildSettings = {
				CLANG_ENABLE_MODULES = YES;
				CODE_SIGN_IDENTITY = "";
				DEFINES_MODULE = YES;
				DEVELOPMENT_TEAM = EH5NJV9XC8;
				DYLIB_COMPATIBILITY_VERSION = 1;
				DYLIB_CURRENT_VERSION = 1;
				DYLIB_INSTALL_NAME_BASE = "@rpath";
				INFOPLIST_FILE = SwiftUtils/Info.plist;
				INSTALL_PATH = "$(LOCAL_LIBRARY_DIR)/Frameworks";
				IPHONEOS_DEPLOYMENT_TARGET = 9.0;
				LD_RUNPATH_SEARCH_PATHS = "$(inherited) @executable_path/Frameworks @loader_path/Frameworks";
				PRODUCT_BUNDLE_IDENTIFIER = com.juanjo.SwiftUtils;
				PRODUCT_NAME = "$(TARGET_NAME)";
				SKIP_INSTALL = YES;
				SWIFT_SWIFT3_OBJC_INFERENCE = On;
				SWIFT_VERSION = 4.0;
			};
			name = Release;
		};
/* End XCBuildConfiguration section */

/* Begin XCConfigurationList section */
		817E746A1E4A46D3008A088D /* Build configuration list for PBXProject "SwiftUtils" */ = {
			isa = XCConfigurationList;
			buildConfigurations = (
				817E74761E4A46D3008A088D /* Debug */,
				817E74771E4A46D3008A088D /* Release */,
			);
			defaultConfigurationIsVisible = 0;
			defaultConfigurationName = Release;
		};
		817E74781E4A46D3008A088D /* Build configuration list for PBXNativeTarget "SwiftUtils" */ = {
			isa = XCConfigurationList;
			buildConfigurations = (
				817E74791E4A46D3008A088D /* Debug */,
				817E747A1E4A46D3008A088D /* Release */,
			);
			defaultConfigurationIsVisible = 0;
			defaultConfigurationName = Release;
		};
/* End XCConfigurationList section */
	};
	rootObject = 817E74671E4A46D3008A088D /* Project object */;
}
